
Microsoft Visual Studio Solution File, Format Version 12.00
# Visual Studio Version 16
VisualStudioVersion = 16.0.29911.84
MinimumVisualStudioVersion = 10.0.40219.1
Project("{FAE04EC0-301F-11D3-BF4B-00C04F79EFBC}") = "detectSentimentWebApp", "detectSentimentWebApp\detectSentimentWebApp.csproj", "{0CA934BE-01B0-4931-A641-33B17E54C7BB}"
EndProject
Global
	GlobalSection(SolutionConfigurationPlatforms) = preSolution
		Debug|Any CPU = Debug|Any CPU
		Release|Any CPU = Release|Any CPU
	EndGlobalSection
	GlobalSection(ProjectConfigurationPlatforms) = postSolution
		{0CA934BE-01B0-4931-A641-33B17E54C7BB}.Debug|Any CPU.ActiveCfg = Debug|Any CPU
		{0CA934BE-01B0-4931-A641-33B17E54C7BB}.Debug|Any CPU.Build.0 = Debug|Any CPU
		{0CA934BE-01B0-4931-A641-33B17E54C7BB}.Release|Any CPU.ActiveCfg = Release|Any CPU
		{0CA934BE-01B0-4931-A641-33B17E54C7BB}.Release|Any CPU.Build.0 = Release|Any CPU
	EndGlobalSection
	GlobalSection(SolutionProperties) = preSolution
		HideSolutionNode = FALSE
	EndGlobalSection
	GlobalSection(ExtensibilityGlobals) = postSolution
		SolutionGuid = {E37DDEEE-7F63-4ECB-9501-7229CC182D1C}
	EndGlobalSection
EndGlobal
